
Microsoft Visual Studio Solution File, Format Version 12.00
# Visual Studio Version 17
VisualStudioVersion = 17.10.35122.118
MinimumVisualStudioVersion = 10.0.40219.1
Project("{FAE04EC0-301F-11D3-BF4B-00C04F79EFBC}") = "CRUDApi", "CRUDApi\CRUDApi.csproj", "{14B569FB-D8AC-43C1-BFA9-C00C4A88BFB5}"
EndProject
Global
	GlobalSection(SolutionConfigurationPlatforms) = preSolution
		Debug|Any CPU = Debug|Any CPU
		Release|Any CPU = Release|Any CPU
	EndGlobalSection
	GlobalSection(ProjectConfigurationPlatforms) = postSolution
		{14B569FB-D8AC-43C1-BFA9-C00C4A88BFB5}.Debug|Any CPU.ActiveCfg = Debug|Any CPU
		{14B569FB-D8AC-43C1-BFA9-C00C4A88BFB5}.Debug|Any CPU.Build.0 = Debug|Any CPU
		{14B569FB-D8AC-43C1-BFA9-C00C4A88BFB5}.Release|Any CPU.ActiveCfg = Release|Any CPU
		{14B569FB-D8AC-43C1-BFA9-C00C4A88BFB5}.Release|Any CPU.Build.0 = Release|Any CPU
	EndGlobalSection
	GlobalSection(SolutionProperties) = preSolution
		HideSolutionNode = FALSE
	EndGlobalSection
	GlobalSection(ExtensibilityGlobals) = postSolution
		SolutionGuid = {9584F8CE-1FB8-4898-8665-16F9DC429FE4}
	EndGlobalSection
EndGlobal
